
Microsoft Visual Studio Solution File, Format Version 12.00
# Visual Studio Version 17
VisualStudioVersion = 17.5.33424.131
MinimumVisualStudioVersion = 10.0.40219.1
Project("{FAE04EC0-301F-11D3-BF4B-00C04F79EFBC}") = "ImageToGPL", "ImageToGPL\ImageToGPL.csproj", "{5C804CFA-5147-4F37-8092-338AD8DE634B}"
EndProject
Global
	GlobalSection(SolutionConfigurationPlatforms) = preSolution
		Debug|Any CPU = Debug|Any CPU
		Release|Any CPU = Release|Any CPU
	EndGlobalSection
	GlobalSection(ProjectConfigurationPlatforms) = postSolution
		{5C804CFA-5147-4F37-8092-338AD8DE634B}.Debug|Any CPU.ActiveCfg = Debug|Any CPU
		{5C804CFA-5147-4F37-8092-338AD8DE634B}.Debug|Any CPU.Build.0 = Debug|Any CPU
		{5C804CFA-5147-4F37-8092-338AD8DE634B}.Release|Any CPU.ActiveCfg = Release|Any CPU
		{5C804CFA-5147-4F37-8092-338AD8DE634B}.Release|Any CPU.Build.0 = Release|Any CPU
	EndGlobalSection
	GlobalSection(SolutionProperties) = preSolution
		HideSolutionNode = FALSE
	EndGlobalSection
	GlobalSection(ExtensibilityGlobals) = postSolution
		SolutionGuid = {360299C1-327A-498F-93EA-E33572EE556A}
	EndGlobalSection
EndGlobal
